<Solution>
  <Configurations>
    <Platform Name="ARM64" />
    <Platform Name="x64" />
    <Platform Name="x86" />
  </Configurations>

  <Folder Name="/shared/">
    <Project Path="shared/GraniteEdgeAI.OpenVino.Contracts/GraniteEdgeAI.OpenVino.Contracts.csproj" />
    <Project Path="shared/GraniteEdgeAI.ModelInspection.Contracts/GraniteEdgeAI.ModelInspection.Contracts.csproj" />
    <Project Path="shared/GraniteEdgeAI.ModelInspection.Fixtures/GraniteEdgeAI.ModelInspection.Fixtures.csproj" />
    <Project Path="shared/GraniteEdgeAI.ModelInspection.Transport/GraniteEdgeAI.ModelInspection.Transport.csproj" />
    <Project Path="shared/GraniteEdgeAI.ModelHardwareCompatibility.Core/GraniteEdgeAI.ModelHardwareCompatibility.Core.csproj">
      <Platform Solution="*|x64" Project="AnyCPU" />
    </Project>
  </Folder>

  <Folder Name="/workers/">
    <Project Path="workers/GraniteEdgeAI.ModelInspection.Worker/GraniteEdgeAI.ModelInspection.Worker.csproj">
      <Platform Solution="*|x64" Project="AnyCPU" />
    </Project>
  </Folder>

  <Folder Name="/infrastructure/">
    <Project Path="infrastructure/GraniteEdgeAI.OpenVino.WorkerClient/GraniteEdgeAI.OpenVino.WorkerClient.csproj">
      <Platform Solution="*|x64" Project="AnyCPU" />
    </Project>
    <Project Path="infrastructure/GraniteEdgeAI.ModelInspection.WorkerClient/GraniteEdgeAI.ModelInspection.WorkerClient.csproj">
      <Platform Solution="*|x64" Project="AnyCPU" />
    </Project>
  </Folder>

  <Folder Name="/runtime/">
    <Project Path="runtime/GraniteEdgeAI.ModelInspection.LlamaSharp/GraniteEdgeAI.ModelInspection.LlamaSharp.csproj">
      <Platform Solution="*|x64" Project="AnyCPU" />
    </Project>
  </Folder>

  <Folder Name="/tests/">
    <File Path="tests/README.md" />
  </Folder>

  <Folder Name="/tests/ContractTests/">
    <File Path="tests/ContractTests/README.md" />
    <Project Path="tests/ContractTests/GraniteEdgeAI.ModelInspection.Contracts.Tests/GraniteEdgeAI.ModelInspection.Contracts.Tests.csproj" />
    <Project Path="tests/ContractTests/GraniteEdgeAI.OpenVino.Contracts.Tests/GraniteEdgeAI.OpenVino.Contracts.Tests.csproj" />
  </Folder>

  <Folder Name="/tests/E2ETests/">
    <File Path="tests/E2ETests/README.md" />
  </Folder>

  <Folder Name="/tests/IntegrationTests/">
    <File Path="tests/IntegrationTests/README.md" />

    <Project Path="tests/IntegrationTests/GraniteEdgeAI.ModelInspection.WorkerProcess.Tests/GraniteEdgeAI.ModelInspection.WorkerProcess.Tests.csproj">
      <Platform Solution="*|x64" Project="AnyCPU" />
    </Project>
    <Project Path="tests/IntegrationTests/GraniteEdgeAI.OpenVino.WorkerProcess.Tests/GraniteEdgeAI.OpenVino.WorkerProcess.Tests.csproj">
      <Platform Solution="*|x64" Project="AnyCPU" />
    </Project>
  </Folder>

  <Folder Name="/tests/ProcessFixtures/">
    <Project Path="tests/ProcessFixtures/GraniteEdgeAI.ModelInspection.ProtocolTestWorker/GraniteEdgeAI.ModelInspection.ProtocolTestWorker.csproj">
      <Platform Solution="*|x64" Project="AnyCPU" />
    </Project>
    <Project Path="tests/ProcessFixtures/GraniteEdgeAI.OpenVino.ParentExitFixture/GraniteEdgeAI.OpenVino.ParentExitFixture.csproj">
      <Platform Solution="*|x64" Project="AnyCPU" />
    </Project>
    <Project Path="tests/ProcessFixtures/GraniteEdgeAI.OpenVino.ProtocolTestWorker/GraniteEdgeAI.OpenVino.ProtocolTestWorker.csproj">
      <Platform Solution="*|x64" Project="AnyCPU" />
    </Project>
  </Folder>

  <Folder Name="/tests/TestFixtures/">
    <File Path="tests/TestFixtures/README.md" />
    <File Path="tests/TestFixtures/fixture-manifest.json" />
    <File Path="tests/TestFixtures/Generate-GgufFixtures.ps1" />
    <File Path="tests/TestFixtures/Generate-GgufHeaderFixtures.ps1" />
    <File Path="tests/TestFixtures/Generate-GgufMetadataFixtures.ps1" />
  </Folder>

  <Folder Name="/tests/TestFixtures/GGUF/">
    <File Path="tests/TestFixtures/GGUF/README.md" />
    <File Path="tests/TestFixtures/GGUF/H-001-valid-v3-header.gguf" />
    <File Path="tests/TestFixtures/GGUF/V-001-complete-metadata-v3.gguf" />
    <File Path="tests/TestFixtures/GGUF/V-002-missing-name.gguf" />
    <File Path="tests/TestFixtures/GGUF/V-003-missing-context.gguf" />
    <File Path="tests/TestFixtures/GGUF/V-004-missing-size-label.gguf" />
    <File Path="tests/TestFixtures/GGUF/V-005-unknown-metadata.gguf" />
    <File Path="tests/TestFixtures/GGUF/V-006-unusual-metadata-order.gguf" />
    <File Path="tests/TestFixtures/GGUF/V-007-context-uint32.gguf" />
    <File Path="tests/TestFixtures/GGUF/V-008-missing-file-type.gguf" />
    <File Path="tests/TestFixtures/GGUF/V-009-all-official-metadata-types.gguf" />
    <File Path="tests/TestFixtures/GGUF/V-010-unknown-file-type.gguf" />
    <File Path="tests/TestFixtures/GGUF/V-011-current-q2_0-file-type.gguf" />
    <File Path="tests/TestFixtures/GGUF/V-012-duplicate-relevant-metadata.gguf" />
  </Folder>

  <Folder Name="/tests/TestFixtures/Malformed/">
    <File Path="tests/TestFixtures/Malformed/README.md" />
    <File Path="tests/TestFixtures/Malformed/I-000-empty-file.gguf" />
    <File Path="tests/TestFixtures/Malformed/I-001-invalid-magic.gguf" />
    <File Path="tests/TestFixtures/Malformed/I-002-unsupported-version.gguf" />
    <File Path="tests/TestFixtures/Malformed/I-003-truncated-header.gguf" />
    <File Path="tests/TestFixtures/Malformed/I-004-truncated-metadata-value.gguf" />
    <File Path="tests/TestFixtures/Malformed/I-005-oversized-key-length.gguf" />
    <File Path="tests/TestFixtures/Malformed/I-006-unknown-value-type.gguf" />
    <File Path="tests/TestFixtures/Malformed/I-007-excessive-metadata-count.gguf" />
    <File Path="tests/TestFixtures/Malformed/I-008-missing-required-architecture.gguf" />
    <File Path="tests/TestFixtures/Malformed/I-009-wrong-architecture-type.gguf" />
    <File Path="tests/TestFixtures/Malformed/I-010-invalid-boolean-value.gguf" />
    <File Path="tests/TestFixtures/Malformed/I-011-truncated-array.gguf" />
    <File Path="tests/TestFixtures/Malformed/I-012-oversized-metadata-string.gguf" />
    <File Path="tests/TestFixtures/Malformed/I-013-excessive-array-count.gguf" />
    <File Path="tests/TestFixtures/Malformed/I-014-excessive-total-array-count.gguf" />
    <File Path="tests/TestFixtures/Malformed/I-015-excessive-array-depth.gguf" />
    <File Path="tests/TestFixtures/Malformed/I-016-invalid-context-type.gguf" />
    <File Path="tests/TestFixtures/Malformed/I-017-excessive-context-candidates.gguf" />
    <File Path="tests/TestFixtures/Malformed/I-018-invalid-utf8-architecture.gguf" />
    <File Path="tests/TestFixtures/Malformed/I-019-non-ascii-key.gguf" />
    <File Path="tests/TestFixtures/Malformed/I-020-wrong-name-type.gguf" />
    <File Path="tests/TestFixtures/Malformed/I-021-wrong-size-label-type.gguf" />
    <File Path="tests/TestFixtures/Malformed/I-022-wrong-file-type.gguf" />
    <File Path="tests/TestFixtures/Malformed/I-023-blank-architecture.gguf" />
    <File Path="tests/TestFixtures/Malformed/I-024-short-invalid-magic.gguf" />
    <File Path="tests/TestFixtures/Malformed/I-025-empty-metadata-key.gguf" />
    <File Path="tests/TestFixtures/Malformed/I-026-empty-key-segment.gguf" />
    <File Path="tests/TestFixtures/Malformed/I-027-key-with-space.gguf" />
    <File Path="tests/TestFixtures/Malformed/I-028-uppercase-key.gguf" />
    <File Path="tests/TestFixtures/Malformed/I-029-excessive-total-key-bytes.gguf" />
    <File Path="tests/TestFixtures/Malformed/I-030-invalid-boolean-array-value.gguf" />
    <File Path="tests/TestFixtures/Malformed/I-031-oversized-string-array-value.gguf" />
    <File Path="tests/TestFixtures/Malformed/I-032-truncated-nested-array.gguf" />
    <File Path="tests/TestFixtures/Malformed/I-033-oversized-retained-string.gguf" />
    <File Path="tests/TestFixtures/Malformed/I-034-cross-entry-array-total.gguf" />
    <File Path="tests/TestFixtures/Malformed/I-035-truncated-key-length.gguf" />
    <File Path="tests/TestFixtures/Malformed/I-036-truncated-key-bytes.gguf" />
    <File Path="tests/TestFixtures/Malformed/I-037-truncated-value-type.gguf" />
    <File Path="tests/TestFixtures/Malformed/I-038-invalid-utf8-key.gguf" />
  </Folder>

  <Folder Name="/tests/TestFixtures/ExpectedMetadata/">
    <File Path="tests/TestFixtures/ExpectedMetadata/README.md" />
    <File Path="tests/TestFixtures/ExpectedMetadata/V-001-complete-metadata-v3.json" />
    <File Path="tests/TestFixtures/ExpectedMetadata/V-002-missing-name.json" />
    <File Path="tests/TestFixtures/ExpectedMetadata/V-003-missing-context.json" />
    <File Path="tests/TestFixtures/ExpectedMetadata/V-004-missing-size-label.json" />
    <File Path="tests/TestFixtures/ExpectedMetadata/V-005-unknown-metadata.json" />
    <File Path="tests/TestFixtures/ExpectedMetadata/V-006-unusual-metadata-order.json" />
    <File Path="tests/TestFixtures/ExpectedMetadata/V-007-context-uint32.json" />
    <File Path="tests/TestFixtures/ExpectedMetadata/V-008-missing-file-type.json" />
    <File Path="tests/TestFixtures/ExpectedMetadata/V-009-all-official-metadata-types.json" />
    <File Path="tests/TestFixtures/ExpectedMetadata/V-010-unknown-file-type.json" />
    <File Path="tests/TestFixtures/ExpectedMetadata/V-011-current-q2_0-file-type.json" />
    <File Path="tests/TestFixtures/ExpectedMetadata/V-012-duplicate-relevant-metadata.json" />
  </Folder>

  <Folder Name="/tests/TestFixtures/OpenVINO/">
    <File Path="tests/TestFixtures/OpenVINO/README.md" />
  </Folder>

  <Folder Name="/tests/UnitTests/">
    <File Path="tests/UnitTests/README.md" />

    <Project Path="tests/UnitTests/GraniteEdgeAI.ModelInspection.Transport.Tests/GraniteEdgeAI.ModelInspection.Transport.Tests.csproj" />

    <Project Path="tests/UnitTests/GraniteEdgeAI.ModelInspection.Worker.Tests/GraniteEdgeAI.ModelInspection.Worker.Tests.csproj">
      <Platform Solution="*|x64" Project="AnyCPU" />
    </Project>

    <Project Path="tests/UnitTests/GraniteEdgeAI.ModelInspection.WorkerClient.Tests/GraniteEdgeAI.ModelInspection.WorkerClient.Tests.csproj">
      <Platform Solution="*|x64" Project="AnyCPU" />
    </Project>
    <Project Path="tests/UnitTests/GraniteEdgeAI.OpenVino.Tests/GraniteEdgeAI.OpenVino.Tests.csproj">
      <Platform Solution="*|x64" Project="AnyCPU" />
    </Project>
    <Project Path="tests/UnitTests/GraniteEdgeAI.OpenVino.WorkerClient.Tests/GraniteEdgeAI.OpenVino.WorkerClient.Tests.csproj">
      <Platform Solution="*|x64" Project="AnyCPU" />
    </Project>

    <Project Path="tests/UnitTests/GraniteEdgeAI.ModelHardwareCompatibility.Tests/GraniteEdgeAI.ModelHardwareCompatibility.Tests.csproj">
      <Platform Solution="*|x64" Project="AnyCPU" />
    </Project>

    <Project Path="tests/UnitTests/GraniteEdgeAI.UnitTests/GraniteEdgeAI.UnitTests.csproj">
      <Platform Solution="Debug|x64" Project="x64" />
    </Project>
  </Folder>

  <Project Path="IBM Granite with TurboQuant (Intel)/IBM Granite with TurboQuant (Intel).csproj">
    <Platform Solution="*|ARM64" Project="ARM64" />
    <Platform Solution="*|x64" Project="x64" />
    <Platform Solution="*|x86" Project="x86" />
    <Deploy />
  </Project>
</Solution>
