<Solution>
  <Configurations>
    <Platform Name="ARM64" />
    <Platform Name="x64" />
    <Platform Name="x86" />
  </Configurations>
  <Folder Name="/tests/">
    <File Path="tests/README.md" />
  </Folder>
  <Folder Name="/tests/ContractTests/">
    <File Path="tests/ContractTests/README.md" />
  </Folder>
  <Folder Name="/tests/E2ETests/">
    <File Path="tests/E2ETests/README.md" />
  </Folder>
  <Folder Name="/tests/IntegrationTests/">
    <File Path="tests/IntegrationTests/README.md" />
  </Folder>
  <Folder Name="/tests/TestFixtures/">
    <File Path="tests/TestFixtures/README.md" />
    <File Path="tests/TestFixtures/fixture-manifest.json" />
  </Folder>
  <Folder Name="/tests/UnitTests/">
    <File Path="tests/UnitTests/README.md" />
    <Project Path="tests/UnitTests/GraniteEdgeAI.UnitTests/GraniteEdgeAI.UnitTests.csproj">
      <Platform Solution="Debug|x64" Project="x64" />
    </Project>
  </Folder>
  <Project Path="IBM Granite with TurboQuant (Intel)/IBM Granite with TurboQuant (Intel).csproj">
    <Platform Solution="*|ARM64" Project="ARM64" />
    <Platform Solution="*|x64" Project="x64" />
    <Platform Solution="*|x86" Project="x86" />
    <Deploy />
  </Project>
</Solution>
