version: 2
state: locked
implementation_authorized: false
authorization_phrase: "START GRANITE FRONTEND IMPLEMENTATION V2"
locked_at: "2026-08-31"
reason: "Framework and worker initialization only. No production XAML or C# changes are authorised."
protected_until_authorized:
  - "IBM Granite with TurboQuant (Intel)/**/*.xaml"
  - "IBM Granite with TurboQuant (Intel)/**/*.cs"
  - "IBM Granite with TurboQuant (Intel)/**/*.csproj"
  - "shared/**"
  - "infrastructure/**"
  - "runtime/**"
  - "workers/**"
unlock_rules:
  - "The human user must provide the exact authorization phrase in the active Codex conversation."
  - "The worker must record the authorization in a new run manifest; it must not silently edit this file."
  - "Unlocking authorizes the planned frontend campaign only, not backend or operational changes."
